
Microsoft Visual Studio Solution File, Format Version 12.00
# Visual Studio Version 16
VisualStudioVersion = 16.0.29509.3
MinimumVisualStudioVersion = 10.0.40219.1
Project("{FAE04EC0-301F-11D3-BF4B-00C04F79EFBC}") = "VehiculosDBA.UWP", "VehiculosDBA.UWP\VehiculosDBA.UWP.csproj", "{112B2D1B-BE6E-4BEC-9EA9-06124320AB29}"
EndProject
Project("{FAE04EC0-301F-11D3-BF4B-00C04F79EFBC}") = "VehiculosDBA.Android", "VehiculosDBA.Android\VehiculosDBA.Android.csproj", "{2D9225C2-1898-4364-983D-A71C404AECB0}"
EndProject
Project("{FAE04EC0-301F-11D3-BF4B-00C04F79EFBC}") = "VehiculosDBA.iOS", "VehiculosDBA.iOS\VehiculosDBA.iOS.csproj", "{6AC37EE1-EEA9-4708-9664-2A891A0F927C}"
EndProject
Project("{FAE04EC0-301F-11D3-BF4B-00C04F79EFBC}") = "VehiculosDBA", "VehiculosDBA\VehiculosDBA.csproj", "{3EF6F3BD-26FE-4985-9A9B-870E4F2E88B2}"
EndProject
Project("{FAE04EC0-301F-11D3-BF4B-00C04F79EFBC}") = "VehiculosDBA.Backend", "..\VehiculosDBA.Backend\VehiculosDBA.Backend.csproj", "{0BEAB517-A2F2-4DC0-B590-FDD8C7244C86}"
EndProject
Project("{FAE04EC0-301F-11D3-BF4B-00C04F79EFBC}") = "VehiculosDBA.API", "..\VehiculosDBA.API\VehiculosDBA.API.csproj", "{130FD720-59B5-4568-B689-25879C8F82F5}"
EndProject
Project("{FAE04EC0-301F-11D3-BF4B-00C04F79EFBC}") = "VehiculosDBA.Domain", "..\VehiculosDBA.Domain\VehiculosDBA.Domain.csproj", "{583D1447-B803-4777-8F31-E9846FA67A03}"
EndProject
Project("{FAE04EC0-301F-11D3-BF4B-00C04F79EFBC}") = "VehiculosDBA.Common", "..\VehiculosDBA.Common\VehiculosDBA.Common.csproj", "{7BB29EC9-94F6-4504-AB16-CEA8B3C4882A}"
EndProject
Global
	GlobalSection(SolutionConfigurationPlatforms) = preSolution
		Debug|Any CPU = Debug|Any CPU
		Debug|ARM = Debug|ARM
		Debug|iPhone = Debug|iPhone
		Debug|iPhoneSimulator = Debug|iPhoneSimulator
		Debug|x64 = Debug|x64
		Debug|x86 = Debug|x86
		Release|Any CPU = Release|Any CPU
		Release|ARM = Release|ARM
		Release|iPhone = Release|iPhone
		Release|iPhoneSimulator = Release|iPhoneSimulator
		Release|x64 = Release|x64
		Release|x86 = Release|x86
	EndGlobalSection
	GlobalSection(ProjectConfigurationPlatforms) = postSolution
		{112B2D1B-BE6E-4BEC-9EA9-06124320AB29}.Debug|Any CPU.ActiveCfg = Debug|x86
		{112B2D1B-BE6E-4BEC-9EA9-06124320AB29}.Debug|Any CPU.Build.0 = Debug|x86
		{112B2D1B-BE6E-4BEC-9EA9-06124320AB29}.Debug|Any CPU.Deploy.0 = Debug|x86
		{112B2D1B-BE6E-4BEC-9EA9-06124320AB29}.Debug|ARM.ActiveCfg = Debug|ARM
		{112B2D1B-BE6E-4BEC-9EA9-06124320AB29}.Debug|ARM.Build.0 = Debug|ARM
		{112B2D1B-BE6E-4BEC-9EA9-06124320AB29}.Debug|ARM.Deploy.0 = Debug|ARM
		{112B2D1B-BE6E-4BEC-9EA9-06124320AB29}.Debug|iPhone.ActiveCfg = Debug|x86
		{112B2D1B-BE6E-4BEC-9EA9-06124320AB29}.Debug|iPhone.Build.0 = Debug|x86
		{112B2D1B-BE6E-4BEC-9EA9-06124320AB29}.Debug|iPhone.Deploy.0 = Debug|x86
		{112B2D1B-BE6E-4BEC-9EA9-06124320AB29}.Debug|iPhoneSimulator.ActiveCfg = Debug|x86
		{112B2D1B-BE6E-4BEC-9EA9-06124320AB29}.Debug|iPhoneSimulator.Build.0 = Debug|x86
		{112B2D1B-BE6E-4BEC-9EA9-06124320AB29}.Debug|iPhoneSimulator.Deploy.0 = Debug|x86
		{112B2D1B-BE6E-4BEC-9EA9-06124320AB29}.Debug|x64.ActiveCfg = Debug|x64
		{112B2D1B-BE6E-4BEC-9EA9-06124320AB29}.Debug|x64.Build.0 = Debug|x64
		{112B2D1B-BE6E-4BEC-9EA9-06124320AB29}.Debug|x64.Deploy.0 = Debug|x64
		{112B2D1B-BE6E-4BEC-9EA9-06124320AB29}.Debug|x86.ActiveCfg = Debug|x86
		{112B2D1B-BE6E-4BEC-9EA9-06124320AB29}.Debug|x86.Build.0 = Debug|x86
		{112B2D1B-BE6E-4BEC-9EA9-06124320AB29}.Debug|x86.Deploy.0 = Debug|x86
		{112B2D1B-BE6E-4BEC-9EA9-06124320AB29}.Release|Any CPU.ActiveCfg = Release|x86
		{112B2D1B-BE6E-4BEC-9EA9-06124320AB29}.Release|Any CPU.Build.0 = Release|x86
		{112B2D1B-BE6E-4BEC-9EA9-06124320AB29}.Release|Any CPU.Deploy.0 = Release|x86
		{112B2D1B-BE6E-4BEC-9EA9-06124320AB29}.Release|ARM.ActiveCfg = Release|ARM
		{112B2D1B-BE6E-4BEC-9EA9-06124320AB29}.Release|ARM.Build.0 = Release|ARM
		{112B2D1B-BE6E-4BEC-9EA9-06124320AB29}.Release|ARM.Deploy.0 = Release|ARM
		{112B2D1B-BE6E-4BEC-9EA9-06124320AB29}.Release|iPhone.ActiveCfg = Release|x86
		{112B2D1B-BE6E-4BEC-9EA9-06124320AB29}.Release|iPhone.Build.0 = Release|x86
		{112B2D1B-BE6E-4BEC-9EA9-06124320AB29}.Release|iPhone.Deploy.0 = Release|x86
		{112B2D1B-BE6E-4BEC-9EA9-06124320AB29}.Release|iPhoneSimulator.ActiveCfg = Release|x86
		{112B2D1B-BE6E-4BEC-9EA9-06124320AB29}.Release|iPhoneSimulator.Build.0 = Release|x86
		{112B2D1B-BE6E-4BEC-9EA9-06124320AB29}.Release|iPhoneSimulator.Deploy.0 = Release|x86
		{112B2D1B-BE6E-4BEC-9EA9-06124320AB29}.Release|x64.ActiveCfg = Release|x64
		{112B2D1B-BE6E-4BEC-9EA9-06124320AB29}.Release|x64.Build.0 = Release|x64
		{112B2D1B-BE6E-4BEC-9EA9-06124320AB29}.Release|x64.Deploy.0 = Release|x64
		{112B2D1B-BE6E-4BEC-9EA9-06124320AB29}.Release|x86.ActiveCfg = Release|x86
		{112B2D1B-BE6E-4BEC-9EA9-06124320AB29}.Release|x86.Build.0 = Release|x86
		{112B2D1B-BE6E-4BEC-9EA9-06124320AB29}.Release|x86.Deploy.0 = Release|x86
		{2D9225C2-1898-4364-983D-A71C404AECB0}.Debug|Any CPU.ActiveCfg = Debug|Any CPU
		{2D9225C2-1898-4364-983D-A71C404AECB0}.Debug|Any CPU.Build.0 = Debug|Any CPU
		{2D9225C2-1898-4364-983D-A71C404AECB0}.Debug|Any CPU.Deploy.0 = Debug|Any CPU
		{2D9225C2-1898-4364-983D-A71C404AECB0}.Debug|ARM.ActiveCfg = Debug|Any CPU
		{2D9225C2-1898-4364-983D-A71C404AECB0}.Debug|ARM.Build.0 = Debug|Any CPU
		{2D9225C2-1898-4364-983D-A71C404AECB0}.Debug|ARM.Deploy.0 = Debug|Any CPU
		{2D9225C2-1898-4364-983D-A71C404AECB0}.Debug|iPhone.ActiveCfg = Debug|Any CPU
		{2D9225C2-1898-4364-983D-A71C404AECB0}.Debug|iPhone.Build.0 = Debug|Any CPU
		{2D9225C2-1898-4364-983D-A71C404AECB0}.Debug|iPhone.Deploy.0 = Debug|Any CPU
		{2D9225C2-1898-4364-983D-A71C404AECB0}.Debug|iPhoneSimulator.ActiveCfg = Debug|Any CPU
		{2D9225C2-1898-4364-983D-A71C404AECB0}.Debug|iPhoneSimulator.Build.0 = Debug|Any CPU
		{2D9225C2-1898-4364-983D-A71C404AECB0}.Debug|iPhoneSimulator.Deploy.0 = Debug|Any CPU
		{2D9225C2-1898-4364-983D-A71C404AECB0}.Debug|x64.ActiveCfg = Debug|Any CPU
		{2D9225C2-1898-4364-983D-A71C404AECB0}.Debug|x64.Build.0 = Debug|Any CPU
		{2D9225C2-1898-4364-983D-A71C404AECB0}.Debug|x64.Deploy.0 = Debug|Any CPU
		{2D9225C2-1898-4364-983D-A71C404AECB0}.Debug|x86.ActiveCfg = Debug|Any CPU
		{2D9225C2-1898-4364-983D-A71C404AECB0}.Debug|x86.Build.0 = Debug|Any CPU
		{2D9225C2-1898-4364-983D-A71C404AECB0}.Debug|x86.Deploy.0 = Debug|Any CPU
		{2D9225C2-1898-4364-983D-A71C404AECB0}.Release|Any CPU.ActiveCfg = Release|Any CPU
		{2D9225C2-1898-4364-983D-A71C404AECB0}.Release|Any CPU.Build.0 = Release|Any CPU
		{2D9225C2-1898-4364-983D-A71C404AECB0}.Release|Any CPU.Deploy.0 = Release|Any CPU
		{2D9225C2-1898-4364-983D-A71C404AECB0}.Release|ARM.ActiveCfg = Release|Any CPU
		{2D9225C2-1898-4364-983D-A71C404AECB0}.Release|ARM.Build.0 = Release|Any CPU
		{2D9225C2-1898-4364-983D-A71C404AECB0}.Release|ARM.Deploy.0 = Release|Any CPU
		{2D9225C2-1898-4364-983D-A71C404AECB0}.Release|iPhone.ActiveCfg = Release|Any CPU
		{2D9225C2-1898-4364-983D-A71C404AECB0}.Release|iPhone.Build.0 = Release|Any CPU
		{2D9225C2-1898-4364-983D-A71C404AECB0}.Release|iPhone.Deploy.0 = Release|Any CPU
		{2D9225C2-1898-4364-983D-A71C404AECB0}.Release|iPhoneSimulator.ActiveCfg = Release|Any CPU
		{2D9225C2-1898-4364-983D-A71C404AECB0}.Release|iPhoneSimulator.Build.0 = Release|Any CPU
		{2D9225C2-1898-4364-983D-A71C404AECB0}.Release|iPhoneSimulator.Deploy.0 = Release|Any CPU
		{2D9225C2-1898-4364-983D-A71C404AECB0}.Release|x64.ActiveCfg = Release|Any CPU
		{2D9225C2-1898-4364-983D-A71C404AECB0}.Release|x64.Build.0 = Release|Any CPU
		{2D9225C2-1898-4364-983D-A71C404AECB0}.Release|x64.Deploy.0 = Release|Any CPU
		{2D9225C2-1898-4364-983D-A71C404AECB0}.Release|x86.ActiveCfg = Release|Any CPU
		{2D9225C2-1898-4364-983D-A71C404AECB0}.Release|x86.Build.0 = Release|Any CPU
		{2D9225C2-1898-4364-983D-A71C404AECB0}.Release|x86.Deploy.0 = Release|Any CPU
		{6AC37EE1-EEA9-4708-9664-2A891A0F927C}.Debug|Any CPU.ActiveCfg = Debug|iPhone
		{6AC37EE1-EEA9-4708-9664-2A891A0F927C}.Debug|Any CPU.Build.0 = Debug|iPhone
		{6AC37EE1-EEA9-4708-9664-2A891A0F927C}.Debug|Any CPU.Deploy.0 = Debug|iPhone
		{6AC37EE1-EEA9-4708-9664-2A891A0F927C}.Debug|ARM.ActiveCfg = Debug|iPhoneSimulator
		{6AC37EE1-EEA9-4708-9664-2A891A0F927C}.Debug|ARM.Build.0 = Debug|iPhoneSimulator
		{6AC37EE1-EEA9-4708-9664-2A891A0F927C}.Debug|ARM.Deploy.0 = Debug|iPhoneSimulator
		{6AC37EE1-EEA9-4708-9664-2A891A0F927C}.Debug|iPhone.ActiveCfg = Debug|iPhone
		{6AC37EE1-EEA9-4708-9664-2A891A0F927C}.Debug|iPhone.Build.0 = Debug|iPhone
		{6AC37EE1-EEA9-4708-9664-2A891A0F927C}.Debug|iPhone.Deploy.0 = Debug|iPhone
		{6AC37EE1-EEA9-4708-9664-2A891A0F927C}.Debug|iPhoneSimulator.ActiveCfg = Debug|iPhoneSimulator
		{6AC37EE1-EEA9-4708-9664-2A891A0F927C}.Debug|iPhoneSimulator.Build.0 = Debug|iPhoneSimulator
		{6AC37EE1-EEA9-4708-9664-2A891A0F927C}.Debug|iPhoneSimulator.Deploy.0 = Debug|iPhoneSimulator
		{6AC37EE1-EEA9-4708-9664-2A891A0F927C}.Debug|x64.ActiveCfg = Debug|iPhone
		{6AC37EE1-EEA9-4708-9664-2A891A0F927C}.Debug|x64.Build.0 = Debug|iPhone
		{6AC37EE1-EEA9-4708-9664-2A891A0F927C}.Debug|x64.Deploy.0 = Debug|iPhone
		{6AC37EE1-EEA9-4708-9664-2A891A0F927C}.Debug|x86.ActiveCfg = Debug|iPhone
		{6AC37EE1-EEA9-4708-9664-2A891A0F927C}.Debug|x86.Build.0 = Debug|iPhone
		{6AC37EE1-EEA9-4708-9664-2A891A0F927C}.Debug|x86.Deploy.0 = Debug|iPhone
		{6AC37EE1-EEA9-4708-9664-2A891A0F927C}.Release|Any CPU.ActiveCfg = Release|iPhone
		{6AC37EE1-EEA9-4708-9664-2A891A0F927C}.Release|Any CPU.Build.0 = Release|iPhone
		{6AC37EE1-EEA9-4708-9664-2A891A0F927C}.Release|Any CPU.Deploy.0 = Release|iPhone
		{6AC37EE1-EEA9-4708-9664-2A891A0F927C}.Release|ARM.ActiveCfg = Release|iPhone
		{6AC37EE1-EEA9-4708-9664-2A891A0F927C}.Release|ARM.Build.0 = Release|iPhone
		{6AC37EE1-EEA9-4708-9664-2A891A0F927C}.Release|ARM.Deploy.0 = Release|iPhone
		{6AC37EE1-EEA9-4708-9664-2A891A0F927C}.Release|iPhone.ActiveCfg = Release|iPhone
		{6AC37EE1-EEA9-4708-9664-2A891A0F927C}.Release|iPhone.Build.0 = Release|iPhone
		{6AC37EE1-EEA9-4708-9664-2A891A0F927C}.Release|iPhone.Deploy.0 = Release|iPhone
		{6AC37EE1-EEA9-4708-9664-2A891A0F927C}.Release|iPhoneSimulator.ActiveCfg = Release|iPhoneSimulator
		{6AC37EE1-EEA9-4708-9664-2A891A0F927C}.Release|iPhoneSimulator.Build.0 = Release|iPhoneSimulator
		{6AC37EE1-EEA9-4708-9664-2A891A0F927C}.Release|iPhoneSimulator.Deploy.0 = Release|iPhoneSimulator
		{6AC37EE1-EEA9-4708-9664-2A891A0F927C}.Release|x64.ActiveCfg = Release|iPhone
		{6AC37EE1-EEA9-4708-9664-2A891A0F927C}.Release|x64.Build.0 = Release|iPhone
		{6AC37EE1-EEA9-4708-9664-2A891A0F927C}.Release|x64.Deploy.0 = Release|iPhone
		{6AC37EE1-EEA9-4708-9664-2A891A0F927C}.Release|x86.ActiveCfg = Release|iPhone
		{6AC37EE1-EEA9-4708-9664-2A891A0F927C}.Release|x86.Build.0 = Release|iPhone
		{6AC37EE1-EEA9-4708-9664-2A891A0F927C}.Release|x86.Deploy.0 = Release|iPhone
		{3EF6F3BD-26FE-4985-9A9B-870E4F2E88B2}.Debug|Any CPU.ActiveCfg = Debug|Any CPU
		{3EF6F3BD-26FE-4985-9A9B-870E4F2E88B2}.Debug|Any CPU.Build.0 = Debug|Any CPU
		{3EF6F3BD-26FE-4985-9A9B-870E4F2E88B2}.Debug|Any CPU.Deploy.0 = Debug|Any CPU
		{3EF6F3BD-26FE-4985-9A9B-870E4F2E88B2}.Debug|ARM.ActiveCfg = Debug|Any CPU
		{3EF6F3BD-26FE-4985-9A9B-870E4F2E88B2}.Debug|ARM.Build.0 = Debug|Any CPU
		{3EF6F3BD-26FE-4985-9A9B-870E4F2E88B2}.Debug|ARM.Deploy.0 = Debug|Any CPU
		{3EF6F3BD-26FE-4985-9A9B-870E4F2E88B2}.Debug|iPhone.ActiveCfg = Debug|Any CPU
		{3EF6F3BD-26FE-4985-9A9B-870E4F2E88B2}.Debug|iPhone.Build.0 = Debug|Any CPU
		{3EF6F3BD-26FE-4985-9A9B-870E4F2E88B2}.Debug|iPhone.Deploy.0 = Debug|Any CPU
		{3EF6F3BD-26FE-4985-9A9B-870E4F2E88B2}.Debug|iPhoneSimulator.ActiveCfg = Debug|Any CPU
		{3EF6F3BD-26FE-4985-9A9B-870E4F2E88B2}.Debug|iPhoneSimulator.Build.0 = Debug|Any CPU
		{3EF6F3BD-26FE-4985-9A9B-870E4F2E88B2}.Debug|iPhoneSimulator.Deploy.0 = Debug|Any CPU
		{3EF6F3BD-26FE-4985-9A9B-870E4F2E88B2}.Debug|x64.ActiveCfg = Debug|Any CPU
		{3EF6F3BD-26FE-4985-9A9B-870E4F2E88B2}.Debug|x64.Build.0 = Debug|Any CPU
		{3EF6F3BD-26FE-4985-9A9B-870E4F2E88B2}.Debug|x64.Deploy.0 = Debug|Any CPU
		{3EF6F3BD-26FE-4985-9A9B-870E4F2E88B2}.Debug|x86.ActiveCfg = Debug|Any CPU
		{3EF6F3BD-26FE-4985-9A9B-870E4F2E88B2}.Debug|x86.Build.0 = Debug|Any CPU
		{3EF6F3BD-26FE-4985-9A9B-870E4F2E88B2}.Debug|x86.Deploy.0 = Debug|Any CPU
		{3EF6F3BD-26FE-4985-9A9B-870E4F2E88B2}.Release|Any CPU.ActiveCfg = Release|Any CPU
		{3EF6F3BD-26FE-4985-9A9B-870E4F2E88B2}.Release|Any CPU.Build.0 = Release|Any CPU
		{3EF6F3BD-26FE-4985-9A9B-870E4F2E88B2}.Release|Any CPU.Deploy.0 = Release|Any CPU
		{3EF6F3BD-26FE-4985-9A9B-870E4F2E88B2}.Release|ARM.ActiveCfg = Release|Any CPU
		{3EF6F3BD-26FE-4985-9A9B-870E4F2E88B2}.Release|ARM.Build.0 = Release|Any CPU
		{3EF6F3BD-26FE-4985-9A9B-870E4F2E88B2}.Release|ARM.Deploy.0 = Release|Any CPU
		{3EF6F3BD-26FE-4985-9A9B-870E4F2E88B2}.Release|iPhone.ActiveCfg = Release|Any CPU
		{3EF6F3BD-26FE-4985-9A9B-870E4F2E88B2}.Release|iPhone.Build.0 = Release|Any CPU
		{3EF6F3BD-26FE-4985-9A9B-870E4F2E88B2}.Release|iPhone.Deploy.0 = Release|Any CPU
		{3EF6F3BD-26FE-4985-9A9B-870E4F2E88B2}.Release|iPhoneSimulator.ActiveCfg = Release|Any CPU
		{3EF6F3BD-26FE-4985-9A9B-870E4F2E88B2}.Release|iPhoneSimulator.Build.0 = Release|Any CPU
		{3EF6F3BD-26FE-4985-9A9B-870E4F2E88B2}.Release|iPhoneSimulator.Deploy.0 = Release|Any CPU
		{3EF6F3BD-26FE-4985-9A9B-870E4F2E88B2}.Release|x64.ActiveCfg = Release|Any CPU
		{3EF6F3BD-26FE-4985-9A9B-870E4F2E88B2}.Release|x64.Build.0 = Release|Any CPU
		{3EF6F3BD-26FE-4985-9A9B-870E4F2E88B2}.Release|x64.Deploy.0 = Release|Any CPU
		{3EF6F3BD-26FE-4985-9A9B-870E4F2E88B2}.Release|x86.ActiveCfg = Release|Any CPU
		{3EF6F3BD-26FE-4985-9A9B-870E4F2E88B2}.Release|x86.Build.0 = Release|Any CPU
		{3EF6F3BD-26FE-4985-9A9B-870E4F2E88B2}.Release|x86.Deploy.0 = Release|Any CPU
		{0BEAB517-A2F2-4DC0-B590-FDD8C7244C86}.Debug|Any CPU.ActiveCfg = Debug|Any CPU
		{0BEAB517-A2F2-4DC0-B590-FDD8C7244C86}.Debug|Any CPU.Build.0 = Debug|Any CPU
		{0BEAB517-A2F2-4DC0-B590-FDD8C7244C86}.Debug|ARM.ActiveCfg = Debug|Any CPU
		{0BEAB517-A2F2-4DC0-B590-FDD8C7244C86}.Debug|ARM.Build.0 = Debug|Any CPU
		{0BEAB517-A2F2-4DC0-B590-FDD8C7244C86}.Debug|iPhone.ActiveCfg = Debug|Any CPU
		{0BEAB517-A2F2-4DC0-B590-FDD8C7244C86}.Debug|iPhone.Build.0 = Debug|Any CPU
		{0BEAB517-A2F2-4DC0-B590-FDD8C7244C86}.Debug|iPhoneSimulator.ActiveCfg = Debug|Any CPU
		{0BEAB517-A2F2-4DC0-B590-FDD8C7244C86}.Debug|iPhoneSimulator.Build.0 = Debug|Any CPU
		{0BEAB517-A2F2-4DC0-B590-FDD8C7244C86}.Debug|x64.ActiveCfg = Debug|Any CPU
		{0BEAB517-A2F2-4DC0-B590-FDD8C7244C86}.Debug|x64.Build.0 = Debug|Any CPU
		{0BEAB517-A2F2-4DC0-B590-FDD8C7244C86}.Debug|x86.ActiveCfg = Debug|Any CPU
		{0BEAB517-A2F2-4DC0-B590-FDD8C7244C86}.Debug|x86.Build.0 = Debug|Any CPU
		{0BEAB517-A2F2-4DC0-B590-FDD8C7244C86}.Release|Any CPU.ActiveCfg = Release|Any CPU
		{0BEAB517-A2F2-4DC0-B590-FDD8C7244C86}.Release|Any CPU.Build.0 = Release|Any CPU
		{0BEAB517-A2F2-4DC0-B590-FDD8C7244C86}.Release|ARM.ActiveCfg = Release|Any CPU
		{0BEAB517-A2F2-4DC0-B590-FDD8C7244C86}.Release|ARM.Build.0 = Release|Any CPU
		{0BEAB517-A2F2-4DC0-B590-FDD8C7244C86}.Release|iPhone.ActiveCfg = Release|Any CPU
		{0BEAB517-A2F2-4DC0-B590-FDD8C7244C86}.Release|iPhone.Build.0 = Release|Any CPU
		{0BEAB517-A2F2-4DC0-B590-FDD8C7244C86}.Release|iPhoneSimulator.ActiveCfg = Release|Any CPU
		{0BEAB517-A2F2-4DC0-B590-FDD8C7244C86}.Release|iPhoneSimulator.Build.0 = Release|Any CPU
		{0BEAB517-A2F2-4DC0-B590-FDD8C7244C86}.Release|x64.ActiveCfg = Release|Any CPU
		{0BEAB517-A2F2-4DC0-B590-FDD8C7244C86}.Release|x64.Build.0 = Release|Any CPU
		{0BEAB517-A2F2-4DC0-B590-FDD8C7244C86}.Release|x86.ActiveCfg = Release|Any CPU
		{0BEAB517-A2F2-4DC0-B590-FDD8C7244C86}.Release|x86.Build.0 = Release|Any CPU
		{130FD720-59B5-4568-B689-25879C8F82F5}.Debug|Any CPU.ActiveCfg = Debug|Any CPU
		{130FD720-59B5-4568-B689-25879C8F82F5}.Debug|Any CPU.Build.0 = Debug|Any CPU
		{130FD720-59B5-4568-B689-25879C8F82F5}.Debug|ARM.ActiveCfg = Debug|Any CPU
		{130FD720-59B5-4568-B689-25879C8F82F5}.Debug|ARM.Build.0 = Debug|Any CPU
		{130FD720-59B5-4568-B689-25879C8F82F5}.Debug|iPhone.ActiveCfg = Debug|Any CPU
		{130FD720-59B5-4568-B689-25879C8F82F5}.Debug|iPhone.Build.0 = Debug|Any CPU
		{130FD720-59B5-4568-B689-25879C8F82F5}.Debug|iPhoneSimulator.ActiveCfg = Debug|Any CPU
		{130FD720-59B5-4568-B689-25879C8F82F5}.Debug|iPhoneSimulator.Build.0 = Debug|Any CPU
		{130FD720-59B5-4568-B689-25879C8F82F5}.Debug|x64.ActiveCfg = Debug|Any CPU
		{130FD720-59B5-4568-B689-25879C8F82F5}.Debug|x64.Build.0 = Debug|Any CPU
		{130FD720-59B5-4568-B689-25879C8F82F5}.Debug|x86.ActiveCfg = Debug|Any CPU
		{130FD720-59B5-4568-B689-25879C8F82F5}.Debug|x86.Build.0 = Debug|Any CPU
		{130FD720-59B5-4568-B689-25879C8F82F5}.Release|Any CPU.ActiveCfg = Release|Any CPU
		{130FD720-59B5-4568-B689-25879C8F82F5}.Release|Any CPU.Build.0 = Release|Any CPU
		{130FD720-59B5-4568-B689-25879C8F82F5}.Release|ARM.ActiveCfg = Release|Any CPU
		{130FD720-59B5-4568-B689-25879C8F82F5}.Release|ARM.Build.0 = Release|Any CPU
		{130FD720-59B5-4568-B689-25879C8F82F5}.Release|iPhone.ActiveCfg = Release|Any CPU
		{130FD720-59B5-4568-B689-25879C8F82F5}.Release|iPhone.Build.0 = Release|Any CPU
		{130FD720-59B5-4568-B689-25879C8F82F5}.Release|iPhoneSimulator.ActiveCfg = Release|Any CPU
		{130FD720-59B5-4568-B689-25879C8F82F5}.Release|iPhoneSimulator.Build.0 = Release|Any CPU
		{130FD720-59B5-4568-B689-25879C8F82F5}.Release|x64.ActiveCfg = Release|Any CPU
		{130FD720-59B5-4568-B689-25879C8F82F5}.Release|x64.Build.0 = Release|Any CPU
		{130FD720-59B5-4568-B689-25879C8F82F5}.Release|x86.ActiveCfg = Release|Any CPU
		{130FD720-59B5-4568-B689-25879C8F82F5}.Release|x86.Build.0 = Release|Any CPU
		{583D1447-B803-4777-8F31-E9846FA67A03}.Debug|Any CPU.ActiveCfg = Debug|Any CPU
		{583D1447-B803-4777-8F31-E9846FA67A03}.Debug|Any CPU.Build.0 = Debug|Any CPU
		{583D1447-B803-4777-8F31-E9846FA67A03}.Debug|ARM.ActiveCfg = Debug|Any CPU
		{583D1447-B803-4777-8F31-E9846FA67A03}.Debug|ARM.Build.0 = Debug|Any CPU
		{583D1447-B803-4777-8F31-E9846FA67A03}.Debug|iPhone.ActiveCfg = Debug|Any CPU
		{583D1447-B803-4777-8F31-E9846FA67A03}.Debug|iPhone.Build.0 = Debug|Any CPU
		{583D1447-B803-4777-8F31-E9846FA67A03}.Debug|iPhoneSimulator.ActiveCfg = Debug|Any CPU
		{583D1447-B803-4777-8F31-E9846FA67A03}.Debug|iPhoneSimulator.Build.0 = Debug|Any CPU
		{583D1447-B803-4777-8F31-E9846FA67A03}.Debug|x64.ActiveCfg = Debug|Any CPU
		{583D1447-B803-4777-8F31-E9846FA67A03}.Debug|x64.Build.0 = Debug|Any CPU
		{583D1447-B803-4777-8F31-E9846FA67A03}.Debug|x86.ActiveCfg = Debug|Any CPU
		{583D1447-B803-4777-8F31-E9846FA67A03}.Debug|x86.Build.0 = Debug|Any CPU
		{583D1447-B803-4777-8F31-E9846FA67A03}.Release|Any CPU.ActiveCfg = Release|Any CPU
		{583D1447-B803-4777-8F31-E9846FA67A03}.Release|Any CPU.Build.0 = Release|Any CPU
		{583D1447-B803-4777-8F31-E9846FA67A03}.Release|ARM.ActiveCfg = Release|Any CPU
		{583D1447-B803-4777-8F31-E9846FA67A03}.Release|ARM.Build.0 = Release|Any CPU
		{583D1447-B803-4777-8F31-E9846FA67A03}.Release|iPhone.ActiveCfg = Release|Any CPU
		{583D1447-B803-4777-8F31-E9846FA67A03}.Release|iPhone.Build.0 = Release|Any CPU
		{583D1447-B803-4777-8F31-E9846FA67A03}.Release|iPhoneSimulator.ActiveCfg = Release|Any CPU
		{583D1447-B803-4777-8F31-E9846FA67A03}.Release|iPhoneSimulator.Build.0 = Release|Any CPU
		{583D1447-B803-4777-8F31-E9846FA67A03}.Release|x64.ActiveCfg = Release|Any CPU
		{583D1447-B803-4777-8F31-E9846FA67A03}.Release|x64.Build.0 = Release|Any CPU
		{583D1447-B803-4777-8F31-E9846FA67A03}.Release|x86.ActiveCfg = Release|Any CPU
		{583D1447-B803-4777-8F31-E9846FA67A03}.Release|x86.Build.0 = Release|Any CPU
		{7BB29EC9-94F6-4504-AB16-CEA8B3C4882A}.Debug|Any CPU.ActiveCfg = Debug|Any CPU
		{7BB29EC9-94F6-4504-AB16-CEA8B3C4882A}.Debug|Any CPU.Build.0 = Debug|Any CPU
		{7BB29EC9-94F6-4504-AB16-CEA8B3C4882A}.Debug|ARM.ActiveCfg = Debug|Any CPU
		{7BB29EC9-94F6-4504-AB16-CEA8B3C4882A}.Debug|ARM.Build.0 = Debug|Any CPU
		{7BB29EC9-94F6-4504-AB16-CEA8B3C4882A}.Debug|iPhone.ActiveCfg = Debug|Any CPU
		{7BB29EC9-94F6-4504-AB16-CEA8B3C4882A}.Debug|iPhone.Build.0 = Debug|Any CPU
		{7BB29EC9-94F6-4504-AB16-CEA8B3C4882A}.Debug|iPhoneSimulator.ActiveCfg = Debug|Any CPU
		{7BB29EC9-94F6-4504-AB16-CEA8B3C4882A}.Debug|iPhoneSimulator.Build.0 = Debug|Any CPU
		{7BB29EC9-94F6-4504-AB16-CEA8B3C4882A}.Debug|x64.ActiveCfg = Debug|Any CPU
		{7BB29EC9-94F6-4504-AB16-CEA8B3C4882A}.Debug|x64.Build.0 = Debug|Any CPU
		{7BB29EC9-94F6-4504-AB16-CEA8B3C4882A}.Debug|x86.ActiveCfg = Debug|Any CPU
		{7BB29EC9-94F6-4504-AB16-CEA8B3C4882A}.Debug|x86.Build.0 = Debug|Any CPU
		{7BB29EC9-94F6-4504-AB16-CEA8B3C4882A}.Release|Any CPU.ActiveCfg = Release|Any CPU
		{7BB29EC9-94F6-4504-AB16-CEA8B3C4882A}.Release|Any CPU.Build.0 = Release|Any CPU
		{7BB29EC9-94F6-4504-AB16-CEA8B3C4882A}.Release|ARM.ActiveCfg = Release|Any CPU
		{7BB29EC9-94F6-4504-AB16-CEA8B3C4882A}.Release|ARM.Build.0 = Release|Any CPU
		{7BB29EC9-94F6-4504-AB16-CEA8B3C4882A}.Release|iPhone.ActiveCfg = Release|Any CPU
		{7BB29EC9-94F6-4504-AB16-CEA8B3C4882A}.Release|iPhone.Build.0 = Release|Any CPU
		{7BB29EC9-94F6-4504-AB16-CEA8B3C4882A}.Release|iPhoneSimulator.ActiveCfg = Release|Any CPU
		{7BB29EC9-94F6-4504-AB16-CEA8B3C4882A}.Release|iPhoneSimulator.Build.0 = Release|Any CPU
		{7BB29EC9-94F6-4504-AB16-CEA8B3C4882A}.Release|x64.ActiveCfg = Release|Any CPU
		{7BB29EC9-94F6-4504-AB16-CEA8B3C4882A}.Release|x64.Build.0 = Release|Any CPU
		{7BB29EC9-94F6-4504-AB16-CEA8B3C4882A}.Release|x86.ActiveCfg = Release|Any CPU
		{7BB29EC9-94F6-4504-AB16-CEA8B3C4882A}.Release|x86.Build.0 = Release|Any CPU
	EndGlobalSection
	GlobalSection(SolutionProperties) = preSolution
		HideSolutionNode = FALSE
	EndGlobalSection
	GlobalSection(ExtensibilityGlobals) = postSolution
		SolutionGuid = {2C1145A0-8CC7-4418-BB55-A4F1844EFC3D}
	EndGlobalSection
EndGlobal
